
Microsoft Visual Studio Solution File, Format Version 12.00
# Visual Studio Version 17
VisualStudioVersion = 17.4.33205.214
MinimumVisualStudioVersion = 10.0.40219.1
Project("{888888A0-9F3D-457C-B088-3A5042F75D52}") = "palgad", "palgad\palgad.pyproj", "{18E695D0-163C-4ECF-9232-3FDA8F63AC16}"
EndProject
Global
	GlobalSection(SolutionConfigurationPlatforms) = preSolution
		Debug|Any CPU = Debug|Any CPU
		Release|Any CPU = Release|Any CPU
	EndGlobalSection
	GlobalSection(ProjectConfigurationPlatforms) = postSolution
		{18E695D0-163C-4ECF-9232-3FDA8F63AC16}.Debug|Any CPU.ActiveCfg = Debug|Any CPU
		{18E695D0-163C-4ECF-9232-3FDA8F63AC16}.Release|Any CPU.ActiveCfg = Release|Any CPU
	EndGlobalSection
	GlobalSection(SolutionProperties) = preSolution
		HideSolutionNode = FALSE
	EndGlobalSection
	GlobalSection(ExtensibilityGlobals) = postSolution
		SolutionGuid = {2C362FB5-1774-49C6-B8D3-5BFDD1ACCAC4}
	EndGlobalSection
EndGlobal
